
Microsoft Visual Studio Solution File, Format Version 12.00
# Visual Studio Version 16
VisualStudioVersion = 16.0.29009.5
MinimumVisualStudioVersion = 10.0.40219.1
Project("{FAE04EC0-301F-11D3-BF4B-00C04F79EFBC}") = "Antize TFT", "Antize TFT\Antize TFT.csproj", "{DE10FF1B-AC2A-4693-9FDA-089CF8EDB66E}"
EndProject
Global
	GlobalSection(SolutionConfigurationPlatforms) = preSolution
		Debug|Any CPU = Debug|Any CPU
		Release|Any CPU = Release|Any CPU
	EndGlobalSection
	GlobalSection(ProjectConfigurationPlatforms) = postSolution
		{DE10FF1B-AC2A-4693-9FDA-089CF8EDB66E}.Debug|Any CPU.ActiveCfg = Debug|Any CPU
		{DE10FF1B-AC2A-4693-9FDA-089CF8EDB66E}.Debug|Any CPU.Build.0 = Debug|Any CPU
		{DE10FF1B-AC2A-4693-9FDA-089CF8EDB66E}.Release|Any CPU.ActiveCfg = Release|Any CPU
		{DE10FF1B-AC2A-4693-9FDA-089CF8EDB66E}.Release|Any CPU.Build.0 = Release|Any CPU
	EndGlobalSection
	GlobalSection(SolutionProperties) = preSolution
		HideSolutionNode = FALSE
	EndGlobalSection
	GlobalSection(ExtensibilityGlobals) = postSolution
		SolutionGuid = {957AB6AF-4875-467C-894F-0EEF9932137A}
	EndGlobalSection
EndGlobal
